
Microsoft Visual Studio Solution File, Format Version 12.00
# Visual Studio Version 17
VisualStudioVersion = 17.8.34525.116
MinimumVisualStudioVersion = 10.0.40219.1
Project("{FAE04EC0-301F-11D3-BF4B-00C04F79EFBC}") = "D.S. Project 5", "D.S. Project 5\D.S. Project 5.csproj", "{F7E6CE93-5835-4C4A-BE7F-FA62BF527039}"
EndProject
Global
	GlobalSection(SolutionConfigurationPlatforms) = preSolution
		Debug|Any CPU = Debug|Any CPU
		Release|Any CPU = Release|Any CPU
	EndGlobalSection
	GlobalSection(ProjectConfigurationPlatforms) = postSolution
		{F7E6CE93-5835-4C4A-BE7F-FA62BF527039}.Debug|Any CPU.ActiveCfg = Debug|Any CPU
		{F7E6CE93-5835-4C4A-BE7F-FA62BF527039}.Debug|Any CPU.Build.0 = Debug|Any CPU
		{F7E6CE93-5835-4C4A-BE7F-FA62BF527039}.Release|Any CPU.ActiveCfg = Release|Any CPU
		{F7E6CE93-5835-4C4A-BE7F-FA62BF527039}.Release|Any CPU.Build.0 = Release|Any CPU
	EndGlobalSection
	GlobalSection(SolutionProperties) = preSolution
		HideSolutionNode = FALSE
	EndGlobalSection
	GlobalSection(ExtensibilityGlobals) = postSolution
		SolutionGuid = {94F80923-CEF0-4150-894C-AE53287DE5DA}
	EndGlobalSection
EndGlobal
